// !$*UTF8*$!
{
	archiveVersion = 1;
	classes = {
	};
	objectVersion = 50;
	objects = {

/* Begin PBXBuildFile section */
		CD93888C22D482BD000FB68D /* AppDelegate.swift in Sources */ = {isa = PBXBuildFile; fileRef = CD93888B22D482BD000FB68D /* AppDelegate.swift */; };
		CD93888E22D482BD000FB68D /* ViewController.swift in Sources */ = {isa = PBXBuildFile; fileRef = CD93888D22D482BD000FB68D /* ViewController.swift */; };
		CD93889122D482BD000FB68D /* Main.storyboard in Resources */ = {isa = PBXBuildFile; fileRef = CD93888F22D482BD000FB68D /* Main.storyboard */; };
		CD93889322D482BD000FB68D /* Assets.xcassets in Resources */ = {isa = PBXBuildFile; fileRef = CD93889222D482BD000FB68D /* Assets.xcassets */; };
		CD93889622D482BD000FB68D /* LaunchScreen.storyboard in Resources */ = {isa = PBXBuildFile; fileRef = CD93889422D482BD000FB68D /* LaunchScreen.storyboard */; };
		CD9388A122D482BE000FB68D /* watTests.swift in Sources */ = {isa = PBXBuildFile; fileRef = CD9388A022D482BE000FB68D /* watTests.swift */; };
		CD9388AC22D482BE000FB68D /* watUITests.swift in Sources */ = {isa = PBXBuildFile; fileRef = CD9388AB22D482BE000FB68D /* watUITests.swift */; };
		CD9388B122D482BE000FB68D /* wat WatchKit App.app in Embed Watch Content */ = {isa = PBXBuildFile; fileRef = CD9388B022D482BE000FB68D /* wat WatchKit App.app */; };
		CD9388B722D482BE000FB68D /* Interface.storyboard in Resources */ = {isa = PBXBuildFile; fileRef = CD9388B522D482BE000FB68D /* Interface.storyboard */; };
		CD9388B922D482BE000FB68D /* Assets.xcassets in Resources */ = {isa = PBXBuildFile; fileRef = CD9388B822D482BE000FB68D /* Assets.xcassets */; };
		CD9388C022D482BE000FB68D /* wat WatchKit Extension.appex in Embed App Extensions */ = {isa = PBXBuildFile; fileRef = CD9388BF22D482BE000FB68D /* wat WatchKit Extension.appex */; settings = {ATTRIBUTES = (RemoveHeadersOnCopy, ); }; };
		CD9388C522D482BE000FB68D /* InterfaceController.swift in Sources */ = {isa = PBXBuildFile; fileRef = CD9388C422D482BE000FB68D /* InterfaceController.swift */; };
		CD9388C722D482BE000FB68D /* ExtensionDelegate.swift in Sources */ = {isa = PBXBuildFile; fileRef = CD9388C622D482BE000FB68D /* ExtensionDelegate.swift */; };
		CD9388C922D482BE000FB68D /* NotificationController.swift in Sources */ = {isa = PBXBuildFile; fileRef = CD9388C822D482BE000FB68D /* NotificationController.swift */; };
		CD9388CB22D482BE000FB68D /* Assets.xcassets in Resources */ = {isa = PBXBuildFile; fileRef = CD9388CA22D482BE000FB68D /* Assets.xcassets */; };
/* End PBXBuildFile section */

/* Begin PBXContainerItemProxy section */
		CD93889D22D482BE000FB68D /* PBXContainerItemProxy */ = {
			isa = PBXContainerItemProxy;
			containerPortal = CD93888022D482BD000FB68D /* Project object */;
			proxyType = 1;
			remoteGlobalIDString = CD93888722D482BD000FB68D;
			remoteInfo = wat;
		};
		CD9388A822D482BE000FB68D /* PBXContainerItemProxy */ = {
			isa = PBXContainerItemProxy;
			containerPortal = CD93888022D482BD000FB68D /* Project object */;
			proxyType = 1;
			remoteGlobalIDString = CD93888722D482BD000FB68D;
			remoteInfo = wat;
		};
		CD9388B222D482BE000FB68D /* PBXContainerItemProxy */ = {
			isa = PBXContainerItemProxy;
			containerPortal = CD93888022D482BD000FB68D /* Project object */;
			proxyType = 1;
			remoteGlobalIDString = CD9388AF22D482BE000FB68D;
			remoteInfo = "wat WatchKit App";
		};
		CD9388C122D482BE000FB68D /* PBXContainerItemProxy */ = {
			isa = PBXContainerItemProxy;
			containerPortal = CD93888022D482BD000FB68D /* Project object */;
			proxyType = 1;
			remoteGlobalIDString = CD9388BE22D482BE000FB68D;
			remoteInfo = "wat WatchKit Extension";
		};
/* End PBXContainerItemProxy section */

/* Begin PBXCopyFilesBuildPhase section */
		CD9388D322D482BE000FB68D /* Embed App Extensions */ = {
			isa = PBXCopyFilesBuildPhase;
			buildActionMask = 2147483647;
			dstPath = "";
			dstSubfolderSpec = 13;
			files = (
				CD9388C022D482BE000FB68D /* wat WatchKit Extension.appex in Embed App Extensions */,
			);
			name = "Embed App Extensions";
			runOnlyForDeploymentPostprocessing = 0;
		};
		CD9388D722D482BE000FB68D /* Embed Watch Content */ = {
			isa = PBXCopyFilesBuildPhase;
			buildActionMask = 2147483647;
			dstPath = "$(CONTENTS_FOLDER_PATH)/Watch";
			dstSubfolderSpec = 16;
			files = (
				CD9388B122D482BE000FB68D /* wat WatchKit App.app in Embed Watch Content */,
			);
			name = "Embed Watch Content";
			runOnlyForDeploymentPostprocessing = 0;
		};
/* End PBXCopyFilesBuildPhase section */

/* Begin PBXFileReference section */
		CD93888822D482BD000FB68D /* wat.app */ = {isa = PBXFileReference; explicitFileType = wrapper.application; includeInIndex = 0; path = wat.app; sourceTree = BUILT_PRODUCTS_DIR; };
		CD93888B22D482BD000FB68D /* AppDelegate.swift */ = {isa = PBXFileReference; lastKnownFileType = sourcecode.swift; path = AppDelegate.swift; sourceTree = "<group>"; };
		CD93888D22D482BD000FB68D /* ViewController.swift */ = {isa = PBXFileReference; lastKnownFileType = sourcecode.swift; path = ViewController.swift; sourceTree = "<group>"; };
		CD93889022D482BD000FB68D /* Base */ = {isa = PBXFileReference; lastKnownFileType = file.storyboard; name = Base; path = Base.lproj/Main.storyboard; sourceTree = "<group>"; };
		CD93889222D482BD000FB68D /* Assets.xcassets */ = {isa = PBXFileReference; lastKnownFileType = folder.assetcatalog; path = Assets.xcassets; sourceTree = "<group>"; };
		CD93889522D482BD000FB68D /* Base */ = {isa = PBXFileReference; lastKnownFileType = file.storyboard; name = Base; path = Base.lproj/LaunchScreen.storyboard; sourceTree = "<group>"; };
		CD93889722D482BD000FB68D /* Info.plist */ = {isa = PBXFileReference; lastKnownFileType = text.plist.xml; path = Info.plist; sourceTree = "<group>"; };
		CD93889C22D482BE000FB68D /* watTests.xctest */ = {isa = PBXFileReference; explicitFileType = wrapper.cfbundle; includeInIndex = 0; path = watTests.xctest; sourceTree = BUILT_PRODUCTS_DIR; };
		CD9388A022D482BE000FB68D /* watTests.swift */ = {isa = PBXFileReference; lastKnownFileType = sourcecode.swift; path = watTests.swift; sourceTree = "<group>"; };
		CD9388A222D482BE000FB68D /* Info.plist */ = {isa = PBXFileReference; lastKnownFileType = text.plist.xml; path = Info.plist; sourceTree = "<group>"; };
		CD9388A722D482BE000FB68D /* watUITests.xctest */ = {isa = PBXFileReference; explicitFileType = wrapper.cfbundle; includeInIndex = 0; path = watUITests.xctest; sourceTree = BUILT_PRODUCTS_DIR; };
		CD9388AB22D482BE000FB68D /* watUITests.swift */ = {isa = PBXFileReference; lastKnownFileType = sourcecode.swift; path = watUITests.swift; sourceTree = "<group>"; };
		CD9388AD22D482BE000FB68D /* Info.plist */ = {isa = PBXFileReference; lastKnownFileType = text.plist.xml; path = Info.plist; sourceTree = "<group>"; };
		CD9388B022D482BE000FB68D /* wat WatchKit App.app */ = {isa = PBXFileReference; explicitFileType = wrapper.application; includeInIndex = 0; path = "wat WatchKit App.app"; sourceTree = BUILT_PRODUCTS_DIR; };
		CD9388B622D482BE000FB68D /* Base */ = {isa = PBXFileReference; lastKnownFileType = file.storyboard; name = Base; path = Base.lproj/Interface.storyboard; sourceTree = "<group>"; };
		CD9388B822D482BE000FB68D /* Assets.xcassets */ = {isa = PBXFileReference; lastKnownFileType = folder.assetcatalog; path = Assets.xcassets; sourceTree = "<group>"; };
		CD9388BA22D482BE000FB68D /* Info.plist */ = {isa = PBXFileReference; lastKnownFileType = text.plist.xml; path = Info.plist; sourceTree = "<group>"; };
		CD9388BF22D482BE000FB68D /* wat WatchKit Extension.appex */ = {isa = PBXFileReference; explicitFileType = "wrapper.app-extension"; includeInIndex = 0; path = "wat WatchKit Extension.appex"; sourceTree = BUILT_PRODUCTS_DIR; };
		CD9388C422D482BE000FB68D /* InterfaceController.swift */ = {isa = PBXFileReference; lastKnownFileType = sourcecode.swift; path = InterfaceController.swift; sourceTree = "<group>"; };
		CD9388C622D482BE000FB68D /* ExtensionDelegate.swift */ = {isa = PBXFileReference; lastKnownFileType = sourcecode.swift; path = ExtensionDelegate.swift; sourceTree = "<group>"; };
		CD9388C822D482BE000FB68D /* NotificationController.swift */ = {isa = PBXFileReference; lastKnownFileType = sourcecode.swift; path = NotificationController.swift; sourceTree = "<group>"; };
		CD9388CA22D482BE000FB68D /* Assets.xcassets */ = {isa = PBXFileReference; lastKnownFileType = folder.assetcatalog; path = Assets.xcassets; sourceTree = "<group>"; };
		CD9388CC22D482BE000FB68D /* Info.plist */ = {isa = PBXFileReference; lastKnownFileType = text.plist.xml; path = Info.plist; sourceTree = "<group>"; };
		CD9388CD22D482BE000FB68D /* PushNotificationPayload.apns */ = {isa = PBXFileReference; lastKnownFileType = text; path = PushNotificationPayload.apns; sourceTree = "<group>"; };
/* End PBXFileReference section */

/* Begin PBXFrameworksBuildPhase section */
		CD93888522D482BD000FB68D /* Frameworks */ = {
			isa = PBXFrameworksBuildPhase;
			buildActionMask = 2147483647;
			files = (
			);
			runOnlyForDeploymentPostprocessing = 0;
		};
		CD93889922D482BE000FB68D /* Frameworks */ = {
			isa = PBXFrameworksBuildPhase;
			buildActionMask = 2147483647;
			files = (
			);
			runOnlyForDeploymentPostprocessing = 0;
		};
		CD9388A422D482BE000FB68D /* Frameworks */ = {
			isa = PBXFrameworksBuildPhase;
			buildActionMask = 2147483647;
			files = (
			);
			runOnlyForDeploymentPostprocessing = 0;
		};
		CD9388BC22D482BE000FB68D /* Frameworks */ = {
			isa = PBXFrameworksBuildPhase;
			buildActionMask = 2147483647;
			files = (
			);
			runOnlyForDeploymentPostprocessing = 0;
		};
/* End PBXFrameworksBuildPhase section */

/* Begin PBXGroup section */
		CD93887F22D482BD000FB68D = {
			isa = PBXGroup;
			children = (
				CD93888A22D482BD000FB68D /* wat */,
				CD93889F22D482BE000FB68D /* watTests */,
				CD9388AA22D482BE000FB68D /* watUITests */,
				CD9388B422D482BE000FB68D /* wat WatchKit App */,
				CD9388C322D482BE000FB68D /* wat WatchKit Extension */,
				CD93888922D482BD000FB68D /* Products */,
			);
			sourceTree = "<group>";
		};
		CD93888922D482BD000FB68D /* Products */ = {
			isa = PBXGroup;
			children = (
				CD93888822D482BD000FB68D /* wat.app */,
				CD93889C22D482BE000FB68D /* watTests.xctest */,
				CD9388A722D482BE000FB68D /* watUITests.xctest */,
				CD9388B022D482BE000FB68D /* wat WatchKit App.app */,
				CD9388BF22D482BE000FB68D /* wat WatchKit Extension.appex */,
			);
			name = Products;
			sourceTree = "<group>";
		};
		CD93888A22D482BD000FB68D /* wat */ = {
			isa = PBXGroup;
			children = (
				CD93888B22D482BD000FB68D /* AppDelegate.swift */,
				CD93888D22D482BD000FB68D /* ViewController.swift */,
				CD93888F22D482BD000FB68D /* Main.storyboard */,
				CD93889222D482BD000FB68D /* Assets.xcassets */,
				CD93889422D482BD000FB68D /* LaunchScreen.storyboard */,
				CD93889722D482BD000FB68D /* Info.plist */,
			);
			path = wat;
			sourceTree = "<group>";
		};
		CD93889F22D482BE000FB68D /* watTests */ = {
			isa = PBXGroup;
			children = (
				CD9388A022D482BE000FB68D /* watTests.swift */,
				CD9388A222D482BE000FB68D /* Info.plist */,
			);
			path = watTests;
			sourceTree = "<group>";
		};
		CD9388AA22D482BE000FB68D /* watUITests */ = {
			isa = PBXGroup;
			children = (
				CD9388AB22D482BE000FB68D /* watUITests.swift */,
				CD9388AD22D482BE000FB68D /* Info.plist */,
			);
			path = watUITests;
			sourceTree = "<group>";
		};
		CD9388B422D482BE000FB68D /* wat WatchKit App */ = {
			isa = PBXGroup;
			children = (
				CD9388B522D482BE000FB68D /* Interface.storyboard */,
				CD9388B822D482BE000FB68D /* Assets.xcassets */,
				CD9388BA22D482BE000FB68D /* Info.plist */,
			);
			path = "wat WatchKit App";
			sourceTree = "<group>";
		};
		CD9388C322D482BE000FB68D /* wat WatchKit Extension */ = {
			isa = PBXGroup;
			children = (
				CD9388C422D482BE000FB68D /* InterfaceController.swift */,
				CD9388C622D482BE000FB68D /* ExtensionDelegate.swift */,
				CD9388C822D482BE000FB68D /* NotificationController.swift */,
				CD9388CA22D482BE000FB68D /* Assets.xcassets */,
				CD9388CC22D482BE000FB68D /* Info.plist */,
				CD9388CD22D482BE000FB68D /* PushNotificationPayload.apns */,
			);
			path = "wat WatchKit Extension";
			sourceTree = "<group>";
		};
/* End PBXGroup section */

/* Begin PBXNativeTarget section */
		CD93888722D482BD000FB68D /* wat */ = {
			isa = PBXNativeTarget;
			buildConfigurationList = CD9388D822D482BE000FB68D /* Build configuration list for PBXNativeTarget "wat" */;
			buildPhases = (
				CD93888422D482BD000FB68D /* Sources */,
				CD93888522D482BD000FB68D /* Frameworks */,
				CD93888622D482BD000FB68D /* Resources */,
				CD9388D722D482BE000FB68D /* Embed Watch Content */,
			);
			buildRules = (
			);
			dependencies = (
				CD9388B322D482BE000FB68D /* PBXTargetDependency */,
			);
			name = wat;
			productName = wat;
			productReference = CD93888822D482BD000FB68D /* wat.app */;
			productType = "com.apple.product-type.application";
		};
		CD93889B22D482BE000FB68D /* watTests */ = {
			isa = PBXNativeTarget;
			buildConfigurationList = CD9388DB22D482BE000FB68D /* Build configuration list for PBXNativeTarget "watTests" */;
			buildPhases = (
				CD93889822D482BE000FB68D /* Sources */,
				CD93889922D482BE000FB68D /* Frameworks */,
				CD93889A22D482BE000FB68D /* Resources */,
			);
			buildRules = (
			);
			dependencies = (
				CD93889E22D482BE000FB68D /* PBXTargetDependency */,
			);
			name = watTests;
			productName = watTests;
			productReference = CD93889C22D482BE000FB68D /* watTests.xctest */;
			productType = "com.apple.product-type.bundle.unit-test";
		};
		CD9388A622D482BE000FB68D /* watUITests */ = {
			isa = PBXNativeTarget;
			buildConfigurationList = CD9388DE22D482BE000FB68D /* Build configuration list for PBXNativeTarget "watUITests" */;
			buildPhases = (
				CD9388A322D482BE000FB68D /* Sources */,
				CD9388A422D482BE000FB68D /* Frameworks */,
				CD9388A522D482BE000FB68D /* Resources */,
			);
			buildRules = (
			);
			dependencies = (
				CD9388A922D482BE000FB68D /* PBXTargetDependency */,
			);
			name = watUITests;
			productName = watUITests;
			productReference = CD9388A722D482BE000FB68D /* watUITests.xctest */;
			productType = "com.apple.product-type.bundle.ui-testing";
		};
		CD9388AF22D482BE000FB68D /* wat WatchKit App */ = {
			isa = PBXNativeTarget;
			buildConfigurationList = CD9388D422D482BE000FB68D /* Build configuration list for PBXNativeTarget "wat WatchKit App" */;
			buildPhases = (
				CD9388AE22D482BE000FB68D /* Resources */,
				CD9388D322D482BE000FB68D /* Embed App Extensions */,
			);
			buildRules = (
			);
			dependencies = (
				CD9388C222D482BE000FB68D /* PBXTargetDependency */,
			);
			name = "wat WatchKit App";
			productName = "wat WatchKit App";
			productReference = CD9388B022D482BE000FB68D /* wat WatchKit App.app */;
			productType = "com.apple.product-type.application.watchapp2";
		};
		CD9388BE22D482BE000FB68D /* wat WatchKit Extension */ = {
			isa = PBXNativeTarget;
			buildConfigurationList = CD9388D022D482BE000FB68D /* Build configuration list for PBXNativeTarget "wat WatchKit Extension" */;
			buildPhases = (
				CD9388BB22D482BE000FB68D /* Sources */,
				CD9388BC22D482BE000FB68D /* Frameworks */,
				CD9388BD22D482BE000FB68D /* Resources */,
			);
			buildRules = (
			);
			dependencies = (
			);
			name = "wat WatchKit Extension";
			productName = "wat WatchKit Extension";
			productReference = CD9388BF22D482BE000FB68D /* wat WatchKit Extension.appex */;
			productType = "com.apple.product-type.watchkit2-extension";
		};
/* End PBXNativeTarget section */

/* Begin PBXProject section */
		CD93888022D482BD000FB68D /* Project object */ = {
			isa = PBXProject;
			attributes = {
				LastSwiftUpdateCheck = 1020;
				LastUpgradeCheck = 1020;
				ORGANIZATIONNAME = Jinwon;
				TargetAttributes = {
					CD93888722D482BD000FB68D = {
						CreatedOnToolsVersion = 10.2.1;
					};
					CD93889B22D482BE000FB68D = {
						CreatedOnToolsVersion = 10.2.1;
						TestTargetID = CD93888722D482BD000FB68D;
					};
					CD9388A622D482BE000FB68D = {
						CreatedOnToolsVersion = 10.2.1;
						TestTargetID = CD93888722D482BD000FB68D;
					};
					CD9388AF22D482BE000FB68D = {
						CreatedOnToolsVersion = 10.2.1;
					};
					CD9388BE22D482BE000FB68D = {
						CreatedOnToolsVersion = 10.2.1;
					};
				};
			};
			buildConfigurationList = CD93888322D482BD000FB68D /* Build configuration list for PBXProject "wat" */;
			compatibilityVersion = "Xcode 9.3";
			developmentRegion = en;
			hasScannedForEncodings = 0;
			knownRegions = (
				en,
				Base,
			);
			mainGroup = CD93887F22D482BD000FB68D;
			productRefGroup = CD93888922D482BD000FB68D /* Products */;
			projectDirPath = "";
			projectRoot = "";
			targets = (
				CD93888722D482BD000FB68D /* wat */,
				CD93889B22D482BE000FB68D /* watTests */,
				CD9388A622D482BE000FB68D /* watUITests */,
				CD9388AF22D482BE000FB68D /* wat WatchKit App */,
				CD9388BE22D482BE000FB68D /* wat WatchKit Extension */,
			);
		};
/* End PBXProject section */

/* Begin PBXResourcesBuildPhase section */
		CD93888622D482BD000FB68D /* Resources */ = {
			isa = PBXResourcesBuildPhase;
			buildActionMask = 2147483647;
			files = (
				CD93889622D482BD000FB68D /* LaunchScreen.storyboard in Resources */,
				CD93889322D482BD000FB68D /* Assets.xcassets in Resources */,
				CD93889122D482BD000FB68D /* Main.storyboard in Resources */,
			);
			runOnlyForDeploymentPostprocessing = 0;
		};
		CD93889A22D482BE000FB68D /* Resources */ = {
			isa = PBXResourcesBuildPhase;
			buildActionMask = 2147483647;
			files = (
			);
			runOnlyForDeploymentPostprocessing = 0;
		};
		CD9388A522D482BE000FB68D /* Resources */ = {
			isa = PBXResourcesBuildPhase;
			buildActionMask = 2147483647;
			files = (
			);
			runOnlyForDeploymentPostprocessing = 0;
		};
		CD9388AE22D482BE000FB68D /* Resources */ = {
			isa = PBXResourcesBuildPhase;
			buildActionMask = 2147483647;
			files = (
				CD9388B922D482BE000FB68D /* Assets.xcassets in Resources */,
				CD9388B722D482BE000FB68D /* Interface.storyboard in Resources */,
			);
			runOnlyForDeploymentPostprocessing = 0;
		};
		CD9388BD22D482BE000FB68D /* Resources */ = {
			isa = PBXResourcesBuildPhase;
			buildActionMask = 2147483647;
			files = (
				CD9388CB22D482BE000FB68D /* Assets.xcassets in Resources */,
			);
			runOnlyForDeploymentPostprocessing = 0;
		};
/* End PBXResourcesBuildPhase section */

/* Begin PBXSourcesBuildPhase section */
		CD93888422D482BD000FB68D /* Sources */ = {
			isa = PBXSourcesBuildPhase;
			buildActionMask = 2147483647;
			files = (
				CD93888E22D482BD000FB68D /* ViewController.swift in Sources */,
				CD93888C22D482BD000FB68D /* AppDelegate.swift in Sources */,
			);
			runOnlyForDeploymentPostprocessing = 0;
		};
		CD93889822D482BE000FB68D /* Sources */ = {
			isa = PBXSourcesBuildPhase;
			buildActionMask = 2147483647;
			files = (
				CD9388A122D482BE000FB68D /* watTests.swift in Sources */,
			);
			runOnlyForDeploymentPostprocessing = 0;
		};
		CD9388A322D482BE000FB68D /* Sources */ = {
			isa = PBXSourcesBuildPhase;
			buildActionMask = 2147483647;
			files = (
				CD9388AC22D482BE000FB68D /* watUITests.swift in Sources */,
			);
			runOnlyForDeploymentPostprocessing = 0;
		};
		CD9388BB22D482BE000FB68D /* Sources */ = {
			isa = PBXSourcesBuildPhase;
			buildActionMask = 2147483647;
			files = (
				CD9388C922D482BE000FB68D /* NotificationController.swift in Sources */,
				CD9388C722D482BE000FB68D /* ExtensionDelegate.swift in Sources */,
				CD9388C522D482BE000FB68D /* InterfaceController.swift in Sources */,
			);
			runOnlyForDeploymentPostprocessing = 0;
		};
/* End PBXSourcesBuildPhase section */

/* Begin PBXTargetDependency section */
		CD93889E22D482BE000FB68D /* PBXTargetDependency */ = {
			isa = PBXTargetDependency;
			target = CD93888722D482BD000FB68D /* wat */;
			targetProxy = CD93889D22D482BE000FB68D /* PBXContainerItemProxy */;
		};
		CD9388A922D482BE000FB68D /* PBXTargetDependency */ = {
			isa = PBXTargetDependency;
			target = CD93888722D482BD000FB68D /* wat */;
			targetProxy = CD9388A822D482BE000FB68D /* PBXContainerItemProxy */;
		};
		CD9388B322D482BE000FB68D /* PBXTargetDependency */ = {
			isa = PBXTargetDependency;
			target = CD9388AF22D482BE000FB68D /* wat WatchKit App */;
			targetProxy = CD9388B222D482BE000FB68D /* PBXContainerItemProxy */;
		};
		CD9388C222D482BE000FB68D /* PBXTargetDependency */ = {
			isa = PBXTargetDependency;
			target = CD9388BE22D482BE000FB68D /* wat WatchKit Extension */;
			targetProxy = CD9388C122D482BE000FB68D /* PBXContainerItemProxy */;
		};
/* End PBXTargetDependency section */

/* Begin PBXVariantGroup section */
		CD93888F22D482BD000FB68D /* Main.storyboard */ = {
			isa = PBXVariantGroup;
			children = (
				CD93889022D482BD000FB68D /* Base */,
			);
			name = Main.storyboard;
			sourceTree = "<group>";
		};
		CD93889422D482BD000FB68D /* LaunchScreen.storyboard */ = {
			isa = PBXVariantGroup;
			children = (
				CD93889522D482BD000FB68D /* Base */,
			);
			name = LaunchScreen.storyboard;
			sourceTree = "<group>";
		};
		CD9388B522D482BE000FB68D /* Interface.storyboard */ = {
			isa = PBXVariantGroup;
			children = (
				CD9388B622D482BE000FB68D /* Base */,
			);
			name = Interface.storyboard;
			sourceTree = "<group>";
		};
/* End PBXVariantGroup section */

/* Begin XCBuildConfiguration section */
		CD9388CE22D482BE000FB68D /* Debug */ = {
			isa = XCBuildConfiguration;
			buildSettings = {
				ALWAYS_SEARCH_USER_PATHS = NO;
				CLANG_ANALYZER_NONNULL = YES;
				CLANG_ANALYZER_NUMBER_OBJECT_CONVERSION = YES_AGGRESSIVE;
				CLANG_CXX_LANGUAGE_STANDARD = "gnu++14";
				CLANG_CXX_LIBRARY = "libc++";
				CLANG_ENABLE_MODULES = YES;
				CLANG_ENABLE_OBJC_ARC = YES;
				CLANG_ENABLE_OBJC_WEAK = YES;
				CLANG_WARN_BLOCK_CAPTURE_AUTORELEASING = YES;
				CLANG_WARN_BOOL_CONVERSION = YES;
				CLANG_WARN_COMMA = YES;
				CLANG_WARN_CONSTANT_CONVERSION = YES;
				CLANG_WARN_DEPRECATED_OBJC_IMPLEMENTATIONS = YES;
				CLANG_WARN_DIRECT_OBJC_ISA_USAGE = YES_ERROR;
				CLANG_WARN_DOCUMENTATION_COMMENTS = YES;
				CLANG_WARN_EMPTY_BODY = YES;
				CLANG_WARN_ENUM_CONVERSION = YES;
				CLANG_WARN_INFINITE_RECURSION = YES;
				CLANG_WARN_INT_CONVERSION = YES;
				CLANG_WARN_NON_LITERAL_NULL_CONVERSION = YES;
				CLANG_WARN_OBJC_IMPLICIT_RETAIN_SELF = YES;
				CLANG_WARN_OBJC_LITERAL_CONVERSION = YES;
				CLANG_WARN_OBJC_ROOT_CLASS = YES_ERROR;
				CLANG_WARN_RANGE_LOOP_ANALYSIS = YES;
				CLANG_WARN_STRICT_PROTOTYPES = YES;
				CLANG_WARN_SUSPICIOUS_MOVE = YES;
				CLANG_WARN_UNGUARDED_AVAILABILITY = YES_AGGRESSIVE;
				CLANG_WARN_UNREACHABLE_CODE = YES;
				CLANG_WARN__DUPLICATE_METHOD_MATCH = YES;
				CODE_SIGN_IDENTITY = "iPhone Developer";
				COPY_PHASE_STRIP = NO;
				DEBUG_INFORMATION_FORMAT = dwarf;
				ENABLE_STRICT_OBJC_MSGSEND = YES;
				ENABLE_TESTABILITY = YES;
				GCC_C_LANGUAGE_STANDARD = gnu11;
				GCC_DYNAMIC_NO_PIC = NO;
				GCC_NO_COMMON_BLOCKS = YES;
				GCC_OPTIMIZATION_LEVEL = 0;
				GCC_PREPROCESSOR_DEFINITIONS = (
					"DEBUG=1",
					"$(inherited)",
				);
				GCC_WARN_64_TO_32_BIT_CONVERSION = YES;
				GCC_WARN_ABOUT_RETURN_TYPE = YES_ERROR;
				GCC_WARN_UNDECLARED_SELECTOR = YES;
				GCC_WARN_UNINITIALIZED_AUTOS = YES_AGGRESSIVE;
				GCC_WARN_UNUSED_FUNCTION = YES;
				GCC_WARN_UNUSED_VARIABLE = YES;
				IPHONEOS_DEPLOYMENT_TARGET = 12.2;
				MTL_ENABLE_DEBUG_INFO = INCLUDE_SOURCE;
				MTL_FAST_MATH = YES;
				ONLY_ACTIVE_ARCH = YES;
				SDKROOT = iphoneos;
				SWIFT_ACTIVE_COMPILATION_CONDITIONS = DEBUG;
				SWIFT_OPTIMIZATION_LEVEL = "-Onone";
			};
			name = Debug;
		};
		CD9388CF22D482BE000FB68D /* Release */ = {
			isa = XCBuildConfiguration;
			buildSettings = {
				ALWAYS_SEARCH_USER_PATHS = NO;
				CLANG_ANALYZER_NONNULL = YES;
				CLANG_ANALYZER_NUMBER_OBJECT_CONVERSION = YES_AGGRESSIVE;
				CLANG_CXX_LANGUAGE_STANDARD = "gnu++14";
				CLANG_CXX_LIBRARY = "libc++";
				CLANG_ENABLE_MODULES = YES;
				CLANG_ENABLE_OBJC_ARC = YES;
				CLANG_ENABLE_OBJC_WEAK = YES;
				CLANG_WARN_BLOCK_CAPTURE_AUTORELEASING = YES;
				CLANG_WARN_BOOL_CONVERSION = YES;
				CLANG_WARN_COMMA = YES;
				CLANG_WARN_CONSTANT_CONVERSION = YES;
				CLANG_WARN_DEPRECATED_OBJC_IMPLEMENTATIONS = YES;
				CLANG_WARN_DIRECT_OBJC_ISA_USAGE = YES_ERROR;
				CLANG_WARN_DOCUMENTATION_COMMENTS = YES;
				CLANG_WARN_EMPTY_BODY = YES;
				CLANG_WARN_ENUM_CONVERSION = YES;
				CLANG_WARN_INFINITE_RECURSION = YES;
				CLANG_WARN_INT_CONVERSION = YES;
				CLANG_WARN_NON_LITERAL_NULL_CONVERSION = YES;
				CLANG_WARN_OBJC_IMPLICIT_RETAIN_SELF = YES;
				CLANG_WARN_OBJC_LITERAL_CONVERSION = YES;
				CLANG_WARN_OBJC_ROOT_CLASS = YES_ERROR;
				CLANG_WARN_RANGE_LOOP_ANALYSIS = YES;
				CLANG_WARN_STRICT_PROTOTYPES = YES;
				CLANG_WARN_SUSPICIOUS_MOVE = YES;
				CLANG_WARN_UNGUARDED_AVAILABILITY = YES_AGGRESSIVE;
				CLANG_WARN_UNREACHABLE_CODE = YES;
				CLANG_WARN__DUPLICATE_METHOD_MATCH = YES;
				CODE_SIGN_IDENTITY = "iPhone Developer";
				COPY_PHASE_STRIP = NO;
				DEBUG_INFORMATION_FORMAT = "dwarf-with-dsym";
				ENABLE_NS_ASSERTIONS = NO;
				ENABLE_STRICT_OBJC_MSGSEND = YES;
				GCC_C_LANGUAGE_STANDARD = gnu11;
				GCC_NO_COMMON_BLOCKS = YES;
				GCC_WARN_64_TO_32_BIT_CONVERSION = YES;
				GCC_WARN_ABOUT_RETURN_TYPE = YES_ERROR;
				GCC_WARN_UNDECLARED_SELECTOR = YES;
				GCC_WARN_UNINITIALIZED_AUTOS = YES_AGGRESSIVE;
				GCC_WARN_UNUSED_FUNCTION = YES;
				GCC_WARN_UNUSED_VARIABLE = YES;
				IPHONEOS_DEPLOYMENT_TARGET = 12.2;
				MTL_ENABLE_DEBUG_INFO = NO;
				MTL_FAST_MATH = YES;
				SDKROOT = iphoneos;
				SWIFT_COMPILATION_MODE = wholemodule;
				SWIFT_OPTIMIZATION_LEVEL = "-O";
				VALIDATE_PRODUCT = YES;
			};
			name = Release;
		};
		CD9388D122D482BE000FB68D /* Debug */ = {
			isa = XCBuildConfiguration;
			buildSettings = {
				ASSETCATALOG_COMPILER_COMPLICATION_NAME = Complication;
				CODE_SIGN_STYLE = Automatic;
				DEVELOPMENT_TEAM = WXT8L37R34;
				INFOPLIST_FILE = "wat WatchKit Extension/Info.plist";
				LD_RUNPATH_SEARCH_PATHS = (
					"$(inherited)",
					"@executable_path/Frameworks",
					"@executable_path/../../Frameworks",
				);
				PRODUCT_BUNDLE_IDENTIFIER = NCL.wat.watchkitapp.watchkitextension;
				PRODUCT_NAME = "${TARGET_NAME}";
				SDKROOT = watchos;
				SKIP_INSTALL = YES;
				SWIFT_VERSION = 5.0;
				TARGETED_DEVICE_FAMILY = 4;
				WATCHOS_DEPLOYMENT_TARGET = 5.2;
			};
			name = Debug;
		};
		CD9388D222D482BE000FB68D /* Release */ = {
			isa = XCBuildConfiguration;
			buildSettings = {
				ASSETCATALOG_COMPILER_COMPLICATION_NAME = Complication;
				CODE_SIGN_STYLE = Automatic;
				DEVELOPMENT_TEAM = WXT8L37R34;
				INFOPLIST_FILE = "wat WatchKit Extension/Info.plist";
				LD_RUNPATH_SEARCH_PATHS = (
					"$(inherited)",
					"@executable_path/Frameworks",
					"@executable_path/../../Frameworks",
				);
				PRODUCT_BUNDLE_IDENTIFIER = NCL.wat.watchkitapp.watchkitextension;
				PRODUCT_NAME = "${TARGET_NAME}";
				SDKROOT = watchos;
				SKIP_INSTALL = YES;
				SWIFT_VERSION = 5.0;
				TARGETED_DEVICE_FAMILY = 4;
				WATCHOS_DEPLOYMENT_TARGET = 5.2;
			};
			name = Release;
		};
		CD9388D522D482BE000FB68D /* Debug */ = {
			isa = XCBuildConfiguration;
			buildSettings = {
				ALWAYS_EMBED_SWIFT_STANDARD_LIBRARIES = YES;
				ASSETCATALOG_COMPILER_APPICON_NAME = AppIcon;
				CODE_SIGN_STYLE = Automatic;
				DEVELOPMENT_TEAM = WXT8L37R34;
				IBSC_MODULE = wat_WatchKit_Extension;
				INFOPLIST_FILE = "wat WatchKit App/Info.plist";
				PRODUCT_BUNDLE_IDENTIFIER = NCL.wat.watchkitapp;
				PRODUCT_NAME = "$(TARGET_NAME)";
				SDKROOT = watchos;
				SKIP_INSTALL = YES;
				SWIFT_VERSION = 5.0;
				TARGETED_DEVICE_FAMILY = 4;
				WATCHOS_DEPLOYMENT_TARGET = 5.2;
			};
			name = Debug;
		};
		CD9388D622D482BE000FB68D /* Release */ = {
			isa = XCBuildConfiguration;
			buildSettings = {
				ALWAYS_EMBED_SWIFT_STANDARD_LIBRARIES = YES;
				ASSETCATALOG_COMPILER_APPICON_NAME = AppIcon;
				CODE_SIGN_STYLE = Automatic;
				DEVELOPMENT_TEAM = WXT8L37R34;
				IBSC_MODULE = wat_WatchKit_Extension;
				INFOPLIST_FILE = "wat WatchKit App/Info.plist";
				PRODUCT_BUNDLE_IDENTIFIER = NCL.wat.watchkitapp;
				PRODUCT_NAME = "$(TARGET_NAME)";
				SDKROOT = watchos;
				SKIP_INSTALL = YES;
				SWIFT_VERSION = 5.0;
				TARGETED_DEVICE_FAMILY = 4;
				WATCHOS_DEPLOYMENT_TARGET = 5.2;
			};
			name = Release;
		};
		CD9388D922D482BE000FB68D /* Debug */ = {
			isa = XCBuildConfiguration;
			buildSettings = {
				ASSETCATALOG_COMPILER_APPICON_NAME = AppIcon;
				CODE_SIGN_STYLE = Automatic;
				DEVELOPMENT_TEAM = WXT8L37R34;
				INFOPLIST_FILE = wat/Info.plist;
				LD_RUNPATH_SEARCH_PATHS = (
					"$(inherited)",
					"@executable_path/Frameworks",
				);
				PRODUCT_BUNDLE_IDENTIFIER = NCL.wat;
				PRODUCT_NAME = "$(TARGET_NAME)";
				SWIFT_VERSION = 5.0;
				TARGETED_DEVICE_FAMILY = "1,2";
			};
			name = Debug;
		};
		CD9388DA22D482BE000FB68D /* Release */ = {
			isa = XCBuildConfiguration;
			buildSettings = {
				ASSETCATALOG_COMPILER_APPICON_NAME = AppIcon;
				CODE_SIGN_STYLE = Automatic;
				DEVELOPMENT_TEAM = WXT8L37R34;
				INFOPLIST_FILE = wat/Info.plist;
				LD_RUNPATH_SEARCH_PATHS = (
					"$(inherited)",
					"@executable_path/Frameworks",
				);
				PRODUCT_BUNDLE_IDENTIFIER = NCL.wat;
				PRODUCT_NAME = "$(TARGET_NAME)";
				SWIFT_VERSION = 5.0;
				TARGETED_DEVICE_FAMILY = "1,2";
			};
			name = Release;
		};
		CD9388DC22D482BE000FB68D /* Debug */ = {
			isa = XCBuildConfiguration;
			buildSettings = {
				ALWAYS_EMBED_SWIFT_STANDARD_LIBRARIES = YES;
				BUNDLE_LOADER = "$(TEST_HOST)";
				CODE_SIGN_STYLE = Automatic;
				DEVELOPMENT_TEAM = WXT8L37R34;
				INFOPLIST_FILE = watTests/Info.plist;
				LD_RUNPATH_SEARCH_PATHS = (
					"$(inherited)",
					"@executable_path/Frameworks",
					"@loader_path/Frameworks",
				);
				PRODUCT_BUNDLE_IDENTIFIER = NCL.watTests;
				PRODUCT_NAME = "$(TARGET_NAME)";
				SWIFT_VERSION = 5.0;
				TARGETED_DEVICE_FAMILY = "1,2";
				TEST_HOST = "$(BUILT_PRODUCTS_DIR)/wat.app/wat";
			};
			name = Debug;
		};
		CD9388DD22D482BE000FB68D /* Release */ = {
			isa = XCBuildConfiguration;
			buildSettings = {
				ALWAYS_EMBED_SWIFT_STANDARD_LIBRARIES = YES;
				BUNDLE_LOADER = "$(TEST_HOST)";
				CODE_SIGN_STYLE = Automatic;
				DEVELOPMENT_TEAM = WXT8L37R34;
				INFOPLIST_FILE = watTests/Info.plist;
				LD_RUNPATH_SEARCH_PATHS = (
					"$(inherited)",
					"@executable_path/Frameworks",
					"@loader_path/Frameworks",
				);
				PRODUCT_BUNDLE_IDENTIFIER = NCL.watTests;
				PRODUCT_NAME = "$(TARGET_NAME)";
				SWIFT_VERSION = 5.0;
				TARGETED_DEVICE_FAMILY = "1,2";
				TEST_HOST = "$(BUILT_PRODUCTS_DIR)/wat.app/wat";
			};
			name = Release;
		};
		CD9388DF22D482BE000FB68D /* Debug */ = {
			isa = XCBuildConfiguration;
			buildSettings = {
				ALWAYS_EMBED_SWIFT_STANDARD_LIBRARIES = YES;
				CODE_SIGN_STYLE = Automatic;
				DEVELOPMENT_TEAM = WXT8L37R34;
				INFOPLIST_FILE = watUITests/Info.plist;
				LD_RUNPATH_SEARCH_PATHS = (
					"$(inherited)",
					"@executable_path/Frameworks",
					"@loader_path/Frameworks",
				);
				PRODUCT_BUNDLE_IDENTIFIER = NCL.watUITests;
				PRODUCT_NAME = "$(TARGET_NAME)";
				SWIFT_VERSION = 5.0;
				TARGETED_DEVICE_FAMILY = "1,2";
				TEST_TARGET_NAME = wat;
			};
			name = Debug;
		};
		CD9388E022D482BE000FB68D /* Release */ = {
			isa = XCBuildConfiguration;
			buildSettings = {
				ALWAYS_EMBED_SWIFT_STANDARD_LIBRARIES = YES;
				CODE_SIGN_STYLE = Automatic;
				DEVELOPMENT_TEAM = WXT8L37R34;
				INFOPLIST_FILE = watUITests/Info.plist;
				LD_RUNPATH_SEARCH_PATHS = (
					"$(inherited)",
					"@executable_path/Frameworks",
					"@loader_path/Frameworks",
				);
				PRODUCT_BUNDLE_IDENTIFIER = NCL.watUITests;
				PRODUCT_NAME = "$(TARGET_NAME)";
				SWIFT_VERSION = 5.0;
				TARGETED_DEVICE_FAMILY = "1,2";
				TEST_TARGET_NAME = wat;
			};
			name = Release;
		};
/* End XCBuildConfiguration section */

/* Begin XCConfigurationList section */
		CD93888322D482BD000FB68D /* Build configuration list for PBXProject "wat" */ = {
			isa = XCConfigurationList;
			buildConfigurations = (
				CD9388CE22D482BE000FB68D /* Debug */,
				CD9388CF22D482BE000FB68D /* Release */,
			);
			defaultConfigurationIsVisible = 0;
			defaultConfigurationName = Release;
		};
		CD9388D022D482BE000FB68D /* Build configuration list for PBXNativeTarget "wat WatchKit Extension" */ = {
			isa = XCConfigurationList;
			buildConfigurations = (
				CD9388D122D482BE000FB68D /* Debug */,
				CD9388D222D482BE000FB68D /* Release */,
			);
			defaultConfigurationIsVisible = 0;
			defaultConfigurationName = Release;
		};
		CD9388D422D482BE000FB68D /* Build configuration list for PBXNativeTarget "wat WatchKit App" */ = {
			isa = XCConfigurationList;
			buildConfigurations = (
				CD9388D522D482BE000FB68D /* Debug */,
				CD9388D622D482BE000FB68D /* Release */,
			);
			defaultConfigurationIsVisible = 0;
			defaultConfigurationName = Release;
		};
		CD9388D822D482BE000FB68D /* Build configuration list for PBXNativeTarget "wat" */ = {
			isa = XCConfigurationList;
			buildConfigurations = (
				CD9388D922D482BE000FB68D /* Debug */,
				CD9388DA22D482BE000FB68D /* Release */,
			);
			defaultConfigurationIsVisible = 0;
			defaultConfigurationName = Release;
		};
		CD9388DB22D482BE000FB68D /* Build configuration list for PBXNativeTarget "watTests" */ = {
			isa = XCConfigurationList;
			buildConfigurations = (
				CD9388DC22D482BE000FB68D /* Debug */,
				CD9388DD22D482BE000FB68D /* Release */,
			);
			defaultConfigurationIsVisible = 0;
			defaultConfigurationName = Release;
		};
		CD9388DE22D482BE000FB68D /* Build configuration list for PBXNativeTarget "watUITests" */ = {
			isa = XCConfigurationList;
			buildConfigurations = (
				CD9388DF22D482BE000FB68D /* Debug */,
				CD9388E022D482BE000FB68D /* Release */,
			);
			defaultConfigurationIsVisible = 0;
			defaultConfigurationName = Release;
		};
/* End XCConfigurationList section */
	};
	rootObject = CD93888022D482BD000FB68D /* Project object */;
}
